
Microsoft Visual Studio Solution File, Format Version 12.00
# Visual Studio Version 17
VisualStudioVersion = 17.4.33205.214
MinimumVisualStudioVersion = 10.0.40219.1
Project("{9A19103F-16F7-4668-BE54-9A1E7A4F7556}") = "ExpressionEvaluator", "ExpressionEvaluator\ExpressionEvaluator\ExpressionEvaluator.csproj", "{D77E00E5-0D0E-4559-A8C4-DB7694E065CD}"
EndProject
Global
	GlobalSection(SolutionConfigurationPlatforms) = preSolution
		Debug|Any CPU = Debug|Any CPU
		Release|Any CPU = Release|Any CPU
	EndGlobalSection
	GlobalSection(ProjectConfigurationPlatforms) = postSolution
		{D77E00E5-0D0E-4559-A8C4-DB7694E065CD}.Debug|Any CPU.ActiveCfg = Debug|Any CPU
		{D77E00E5-0D0E-4559-A8C4-DB7694E065CD}.Debug|Any CPU.Build.0 = Debug|Any CPU
		{D77E00E5-0D0E-4559-A8C4-DB7694E065CD}.Release|Any CPU.ActiveCfg = Release|Any CPU
		{D77E00E5-0D0E-4559-A8C4-DB7694E065CD}.Release|Any CPU.Build.0 = Release|Any CPU
	EndGlobalSection
	GlobalSection(SolutionProperties) = preSolution
		HideSolutionNode = FALSE
	EndGlobalSection
	GlobalSection(ExtensibilityGlobals) = postSolution
		SolutionGuid = {180BAAB1-631D-4043-91C5-B81DD3D06711}
	EndGlobalSection
EndGlobal
