
Microsoft Visual Studio Solution File, Format Version 12.00
# Visual Studio Version 17
VisualStudioVersion = 17.4.33205.214
MinimumVisualStudioVersion = 10.0.40219.1
Project("{FAE04EC0-301F-11D3-BF4B-00C04F79EFBC}") = "RoomZanola", "RoomZanola\RoomZanola.csproj", "{BA9C98A2-C3AA-4A68-A32C-A3AFB80E8425}"
EndProject
Global
	GlobalSection(SolutionConfigurationPlatforms) = preSolution
		Debug|Any CPU = Debug|Any CPU
		Release|Any CPU = Release|Any CPU
	EndGlobalSection
	GlobalSection(ProjectConfigurationPlatforms) = postSolution
		{BA9C98A2-C3AA-4A68-A32C-A3AFB80E8425}.Debug|Any CPU.ActiveCfg = Debug|Any CPU
		{BA9C98A2-C3AA-4A68-A32C-A3AFB80E8425}.Debug|Any CPU.Build.0 = Debug|Any CPU
		{BA9C98A2-C3AA-4A68-A32C-A3AFB80E8425}.Release|Any CPU.ActiveCfg = Release|Any CPU
		{BA9C98A2-C3AA-4A68-A32C-A3AFB80E8425}.Release|Any CPU.Build.0 = Release|Any CPU
	EndGlobalSection
	GlobalSection(SolutionProperties) = preSolution
		HideSolutionNode = FALSE
	EndGlobalSection
	GlobalSection(ExtensibilityGlobals) = postSolution
		SolutionGuid = {F66F6D8C-7DC1-4B97-A594-66FED62FDA4A}
	EndGlobalSection
EndGlobal
